
Microsoft Visual Studio Solution File, Format Version 12.00
# Visual Studio Version 17
VisualStudioVersion = 17.2.32630.192
MinimumVisualStudioVersion = 10.0.40219.1
Project("{FAE04EC0-301F-11D3-BF4B-00C04F79EFBC}") = "ProyectoWinForms", "ProyectoWinForms\ProyectoWinForms.csproj", "{55941DE2-E9A5-4A14-9772-A4F796BC2212}"
EndProject
Global
	GlobalSection(SolutionConfigurationPlatforms) = preSolution
		Debug|Any CPU = Debug|Any CPU
		Release|Any CPU = Release|Any CPU
	EndGlobalSection
	GlobalSection(ProjectConfigurationPlatforms) = postSolution
		{55941DE2-E9A5-4A14-9772-A4F796BC2212}.Debug|Any CPU.ActiveCfg = Debug|Any CPU
		{55941DE2-E9A5-4A14-9772-A4F796BC2212}.Debug|Any CPU.Build.0 = Debug|Any CPU
		{55941DE2-E9A5-4A14-9772-A4F796BC2212}.Release|Any CPU.ActiveCfg = Release|Any CPU
		{55941DE2-E9A5-4A14-9772-A4F796BC2212}.Release|Any CPU.Build.0 = Release|Any CPU
	EndGlobalSection
	GlobalSection(SolutionProperties) = preSolution
		HideSolutionNode = FALSE
	EndGlobalSection
	GlobalSection(ExtensibilityGlobals) = postSolution
		SolutionGuid = {01488E0D-3643-42CB-8409-8E497A575E47}
	EndGlobalSection
EndGlobal
